
Microsoft Visual Studio Solution File, Format Version 12.00
# Visual Studio 15
VisualStudioVersion = 15.0.26124.0
MinimumVisualStudioVersion = 15.0.26124.0
Project("{2150E333-8FDC-42A3-9474-1A3956D46DE8}") = "src", "src", "{F2FE1759-F225-47D5-A65F-3CB53651383C}"
EndProject
Project("{FAE04EC0-301F-11D3-BF4B-00C04F79EFBC}") = "CommandAPI", "src\CommandAPI\CommandAPI.csproj", "{B1C14869-B9D7-4644-9259-7FDAF793CE3A}"
EndProject
Project("{2150E333-8FDC-42A3-9474-1A3956D46DE8}") = "test", "test", "{362350DE-34D3-4303-8C80-1D15F47493BB}"
EndProject
Project("{FAE04EC0-301F-11D3-BF4B-00C04F79EFBC}") = "CommandAPI.Tests", "test\CommandAPI.Tests\CommandAPI.Tests.csproj", "{D63BF3AE-DC9C-4F26-B444-5C2CDA0FC228}"
EndProject
Global
	GlobalSection(SolutionConfigurationPlatforms) = preSolution
		Debug|Any CPU = Debug|Any CPU
		Debug|x64 = Debug|x64
		Debug|x86 = Debug|x86
		Release|Any CPU = Release|Any CPU
		Release|x64 = Release|x64
		Release|x86 = Release|x86
	EndGlobalSection
	GlobalSection(SolutionProperties) = preSolution
		HideSolutionNode = FALSE
	EndGlobalSection
	GlobalSection(ProjectConfigurationPlatforms) = postSolution
		{B1C14869-B9D7-4644-9259-7FDAF793CE3A}.Debug|Any CPU.ActiveCfg = Debug|Any CPU
		{B1C14869-B9D7-4644-9259-7FDAF793CE3A}.Debug|Any CPU.Build.0 = Debug|Any CPU
		{B1C14869-B9D7-4644-9259-7FDAF793CE3A}.Debug|x64.ActiveCfg = Debug|Any CPU
		{B1C14869-B9D7-4644-9259-7FDAF793CE3A}.Debug|x64.Build.0 = Debug|Any CPU
		{B1C14869-B9D7-4644-9259-7FDAF793CE3A}.Debug|x86.ActiveCfg = Debug|Any CPU
		{B1C14869-B9D7-4644-9259-7FDAF793CE3A}.Debug|x86.Build.0 = Debug|Any CPU
		{B1C14869-B9D7-4644-9259-7FDAF793CE3A}.Release|Any CPU.ActiveCfg = Release|Any CPU
		{B1C14869-B9D7-4644-9259-7FDAF793CE3A}.Release|Any CPU.Build.0 = Release|Any CPU
		{B1C14869-B9D7-4644-9259-7FDAF793CE3A}.Release|x64.ActiveCfg = Release|Any CPU
		{B1C14869-B9D7-4644-9259-7FDAF793CE3A}.Release|x64.Build.0 = Release|Any CPU
		{B1C14869-B9D7-4644-9259-7FDAF793CE3A}.Release|x86.ActiveCfg = Release|Any CPU
		{B1C14869-B9D7-4644-9259-7FDAF793CE3A}.Release|x86.Build.0 = Release|Any CPU
		{D63BF3AE-DC9C-4F26-B444-5C2CDA0FC228}.Debug|Any CPU.ActiveCfg = Debug|Any CPU
		{D63BF3AE-DC9C-4F26-B444-5C2CDA0FC228}.Debug|Any CPU.Build.0 = Debug|Any CPU
		{D63BF3AE-DC9C-4F26-B444-5C2CDA0FC228}.Debug|x64.ActiveCfg = Debug|Any CPU
		{D63BF3AE-DC9C-4F26-B444-5C2CDA0FC228}.Debug|x64.Build.0 = Debug|Any CPU
		{D63BF3AE-DC9C-4F26-B444-5C2CDA0FC228}.Debug|x86.ActiveCfg = Debug|Any CPU
		{D63BF3AE-DC9C-4F26-B444-5C2CDA0FC228}.Debug|x86.Build.0 = Debug|Any CPU
		{D63BF3AE-DC9C-4F26-B444-5C2CDA0FC228}.Release|Any CPU.ActiveCfg = Release|Any CPU
		{D63BF3AE-DC9C-4F26-B444-5C2CDA0FC228}.Release|Any CPU.Build.0 = Release|Any CPU
		{D63BF3AE-DC9C-4F26-B444-5C2CDA0FC228}.Release|x64.ActiveCfg = Release|Any CPU
		{D63BF3AE-DC9C-4F26-B444-5C2CDA0FC228}.Release|x64.Build.0 = Release|Any CPU
		{D63BF3AE-DC9C-4F26-B444-5C2CDA0FC228}.Release|x86.ActiveCfg = Release|Any CPU
		{D63BF3AE-DC9C-4F26-B444-5C2CDA0FC228}.Release|x86.Build.0 = Release|Any CPU
	EndGlobalSection
	GlobalSection(NestedProjects) = preSolution
		{B1C14869-B9D7-4644-9259-7FDAF793CE3A} = {F2FE1759-F225-47D5-A65F-3CB53651383C}
		{D63BF3AE-DC9C-4F26-B444-5C2CDA0FC228} = {362350DE-34D3-4303-8C80-1D15F47493BB}
	EndGlobalSection
EndGlobal
